
Microsoft Visual Studio Solution File, Format Version 12.00
# Visual Studio Version 16
VisualStudioVersion = 16.0.34601.136
MinimumVisualStudioVersion = 10.0.40219.1
Project("{FAE04EC0-301F-11D3-BF4B-00C04F79EFBC}") = "lab 5", "lab 5\lab 5.csproj", "{3F94D44C-DBF4-4D6E-AB37-AF67A5F6DDCE}"
EndProject
Global
	GlobalSection(SolutionConfigurationPlatforms) = preSolution
		Debug|Any CPU = Debug|Any CPU
		Release|Any CPU = Release|Any CPU
	EndGlobalSection
	GlobalSection(ProjectConfigurationPlatforms) = postSolution
		{3F94D44C-DBF4-4D6E-AB37-AF67A5F6DDCE}.Debug|Any CPU.ActiveCfg = Debug|Any CPU
		{3F94D44C-DBF4-4D6E-AB37-AF67A5F6DDCE}.Debug|Any CPU.Build.0 = Debug|Any CPU
		{3F94D44C-DBF4-4D6E-AB37-AF67A5F6DDCE}.Release|Any CPU.ActiveCfg = Release|Any CPU
		{3F94D44C-DBF4-4D6E-AB37-AF67A5F6DDCE}.Release|Any CPU.Build.0 = Release|Any CPU
	EndGlobalSection
	GlobalSection(SolutionProperties) = preSolution
		HideSolutionNode = FALSE
	EndGlobalSection
	GlobalSection(ExtensibilityGlobals) = postSolution
		SolutionGuid = {BD48459F-917E-4E07-85AC-3C9C9872671E}
	EndGlobalSection
EndGlobal
